
Microsoft Visual Studio Solution File, Format Version 12.00
# Visual Studio Version 16
VisualStudioVersion = 16.0.29709.97
MinimumVisualStudioVersion = 10.0.40219.1
Project("{FAE04EC0-301F-11D3-BF4B-00C04F79EFBC}") = "Frends.Mongo", "Frends.Mongo\Frends.Mongo.csproj", "{501436D7-F81C-4367-A7DF-1FE3FC7C16CB}"
EndProject
Project("{FAE04EC0-301F-11D3-BF4B-00C04F79EFBC}") = "Frends.Mongo.Tests", "Frends.Mongo.Tests\Frends.Mongo.Tests.csproj", "{783EBE5C-BC50-453B-A8FA-B425C98F4697}"
EndProject
Global
	GlobalSection(SolutionConfigurationPlatforms) = preSolution
		Debug|Any CPU = Debug|Any CPU
		Release|Any CPU = Release|Any CPU
	EndGlobalSection
	GlobalSection(ProjectConfigurationPlatforms) = postSolution
		{501436D7-F81C-4367-A7DF-1FE3FC7C16CB}.Debug|Any CPU.ActiveCfg = Debug|Any CPU
		{501436D7-F81C-4367-A7DF-1FE3FC7C16CB}.Debug|Any CPU.Build.0 = Debug|Any CPU
		{501436D7-F81C-4367-A7DF-1FE3FC7C16CB}.Release|Any CPU.ActiveCfg = Release|Any CPU
		{501436D7-F81C-4367-A7DF-1FE3FC7C16CB}.Release|Any CPU.Build.0 = Release|Any CPU
		{783EBE5C-BC50-453B-A8FA-B425C98F4697}.Debug|Any CPU.ActiveCfg = Debug|Any CPU
		{783EBE5C-BC50-453B-A8FA-B425C98F4697}.Debug|Any CPU.Build.0 = Debug|Any CPU
		{783EBE5C-BC50-453B-A8FA-B425C98F4697}.Release|Any CPU.ActiveCfg = Release|Any CPU
		{783EBE5C-BC50-453B-A8FA-B425C98F4697}.Release|Any CPU.Build.0 = Release|Any CPU
	EndGlobalSection
	GlobalSection(SolutionProperties) = preSolution
		HideSolutionNode = FALSE
	EndGlobalSection
	GlobalSection(ExtensibilityGlobals) = postSolution
		SolutionGuid = {0CE3D73B-5712-423E-91BA-C122FCB2FE4D}
	EndGlobalSection
EndGlobal
